
Microsoft Visual Studio Solution File, Format Version 12.00
# Visual Studio Version 16
VisualStudioVersion = 16.0.31727.386
MinimumVisualStudioVersion = 10.0.40219.1
Project("{FAE04EC0-301F-11D3-BF4B-00C04F79EFBC}") = "Lazar_Sorin_Lab6", "Lazar_Sorin_Lab6.csproj", "{95D1062A-1969-4E0C-9DF4-DCEF815FE066}"
EndProject
Project("{FAE04EC0-301F-11D3-BF4B-00C04F79EFBC}") = "AutoGeistModel", "AutoGeistModel\AutoGeistModel.csproj", "{40E59370-DA28-4C10-B900-7A65F5DB8D27}"
EndProject
Global
	GlobalSection(SolutionConfigurationPlatforms) = preSolution
		Debug|Any CPU = Debug|Any CPU
		Release|Any CPU = Release|Any CPU
	EndGlobalSection
	GlobalSection(ProjectConfigurationPlatforms) = postSolution
		{95D1062A-1969-4E0C-9DF4-DCEF815FE066}.Debug|Any CPU.ActiveCfg = Debug|Any CPU
		{95D1062A-1969-4E0C-9DF4-DCEF815FE066}.Debug|Any CPU.Build.0 = Debug|Any CPU
		{95D1062A-1969-4E0C-9DF4-DCEF815FE066}.Release|Any CPU.ActiveCfg = Release|Any CPU
		{95D1062A-1969-4E0C-9DF4-DCEF815FE066}.Release|Any CPU.Build.0 = Release|Any CPU
		{40E59370-DA28-4C10-B900-7A65F5DB8D27}.Debug|Any CPU.ActiveCfg = Debug|Any CPU
		{40E59370-DA28-4C10-B900-7A65F5DB8D27}.Debug|Any CPU.Build.0 = Debug|Any CPU
		{40E59370-DA28-4C10-B900-7A65F5DB8D27}.Release|Any CPU.ActiveCfg = Release|Any CPU
		{40E59370-DA28-4C10-B900-7A65F5DB8D27}.Release|Any CPU.Build.0 = Release|Any CPU
	EndGlobalSection
	GlobalSection(SolutionProperties) = preSolution
		HideSolutionNode = FALSE
	EndGlobalSection
	GlobalSection(ExtensibilityGlobals) = postSolution
		SolutionGuid = {54D50900-5075-4B9F-801F-F9FDAF3D88CA}
	EndGlobalSection
EndGlobal
